// !$*UTF8*$!
{
	archiveVersion = 1;
	classes = {
	};
	objectVersion = 56;
	objects = {

/* Begin PBXBuildFile section */
		35A33B062946710000B7C07B /* MainFirstSplitViewController.swift in Sources */ = {isa = PBXBuildFile; fileRef = 35A33B052946710000B7C07B /* MainFirstSplitViewController.swift */; };
		B059E484293419BD001B3D2B /* AppDelegate.swift in Sources */ = {isa = PBXBuildFile; fileRef = B059E483293419BD001B3D2B /* AppDelegate.swift */; };
		B059E486293419BD001B3D2B /* SceneDelegate.swift in Sources */ = {isa = PBXBuildFile; fileRef = B059E485293419BD001B3D2B /* SceneDelegate.swift */; };
		B059E48D293419BD001B3D2B /* Assets.xcassets in Resources */ = {isa = PBXBuildFile; fileRef = B059E48C293419BD001B3D2B /* Assets.xcassets */; };
		B059E490293419BD001B3D2B /* LaunchScreen.storyboard in Resources */ = {isa = PBXBuildFile; fileRef = B059E48E293419BD001B3D2B /* LaunchScreen.storyboard */; };
		B0972249296FDAE3003DB87A /* Combine+Extensions.swift in Sources */ = {isa = PBXBuildFile; fileRef = B0972248296FDAE3003DB87A /* Combine+Extensions.swift */; };
		B097224B296FDE33003DB87A /* Schedulers.swift in Sources */ = {isa = PBXBuildFile; fileRef = B097224A296FDE33003DB87A /* Schedulers.swift */; };
		B0B7582D2956B39B00AA28F6 /* SplitViewComposer.swift in Sources */ = {isa = PBXBuildFile; fileRef = B0B7582C2956B39B00AA28F6 /* SplitViewComposer.swift */; };
		B0CA46FE2A4529860089DB9D /* SearchViewModelTests.swift in Sources */ = {isa = PBXBuildFile; fileRef = B0CA46FD2A4529860089DB9D /* SearchViewModelTests.swift */; };
		B0CC7CEF2A451B740055BD1C /* SearchView.swift in Sources */ = {isa = PBXBuildFile; fileRef = B0CC7CEC2A451B740055BD1C /* SearchView.swift */; };
		B0CC7CF12A451B740055BD1C /* SearchResultsView.swift in Sources */ = {isa = PBXBuildFile; fileRef = B0CC7CEE2A451B740055BD1C /* SearchResultsView.swift */; };
		B0CC7D022A451D4F0055BD1C /* ErrorStateView.swift in Sources */ = {isa = PBXBuildFile; fileRef = B0CC7CFF2A451D4F0055BD1C /* ErrorStateView.swift */; };
		B0CC7D032A451D4F0055BD1C /* ContextMessageView.swift in Sources */ = {isa = PBXBuildFile; fileRef = B0CC7D002A451D4F0055BD1C /* ContextMessageView.swift */; };
		B0CC7D042A451D4F0055BD1C /* EmptyStateView.swift in Sources */ = {isa = PBXBuildFile; fileRef = B0CC7D012A451D4F0055BD1C /* EmptyStateView.swift */; };
		B0CC7D072A451E6D0055BD1C /* SystemSymbols.swift in Sources */ = {isa = PBXBuildFile; fileRef = B0CC7D062A451E6D0055BD1C /* SystemSymbols.swift */; };
		B0CC7D0A2A451F050055BD1C /* SearchLocalizable.strings in Resources */ = {isa = PBXBuildFile; fileRef = B0CC7D0C2A451F050055BD1C /* SearchLocalizable.strings */; };
		B0CC7D0F2A451FB20055BD1C /* SearchString.swift in Sources */ = {isa = PBXBuildFile; fileRef = B0CC7D0E2A451FB20055BD1C /* SearchString.swift */; };
		B0CC7D292A4526D40055BD1C /* LocalizationTestHelpers.swift in Sources */ = {isa = PBXBuildFile; fileRef = B0CC7D282A4526D40055BD1C /* LocalizationTestHelpers.swift */; };
		B0CC7D2C2A4526DF0055BD1C /* SearchLocalizationTests.swift in Sources */ = {isa = PBXBuildFile; fileRef = B0CC7D2B2A4526DF0055BD1C /* SearchLocalizationTests.swift */; };
/* End PBXBuildFile section */

/* Begin PBXContainerItemProxy section */
		B0CC7D1A2A4522D40055BD1C /* PBXContainerItemProxy */ = {
			isa = PBXContainerItemProxy;
			containerPortal = B059E478293419BC001B3D2B /* Project object */;
			proxyType = 1;
			remoteGlobalIDString = B059E47F293419BD001B3D2B;
			remoteInfo = Hymnbook;
		};
/* End PBXContainerItemProxy section */

/* Begin PBXFileReference section */
		35A33B052946710000B7C07B /* MainFirstSplitViewController.swift */ = {isa = PBXFileReference; lastKnownFileType = sourcecode.swift; path = MainFirstSplitViewController.swift; sourceTree = "<group>"; };
		B059E480293419BD001B3D2B /* Hymnbook.app */ = {isa = PBXFileReference; explicitFileType = wrapper.application; includeInIndex = 0; path = Hymnbook.app; sourceTree = BUILT_PRODUCTS_DIR; };
		B059E483293419BD001B3D2B /* AppDelegate.swift */ = {isa = PBXFileReference; lastKnownFileType = sourcecode.swift; path = AppDelegate.swift; sourceTree = "<group>"; };
		B059E485293419BD001B3D2B /* SceneDelegate.swift */ = {isa = PBXFileReference; lastKnownFileType = sourcecode.swift; path = SceneDelegate.swift; sourceTree = "<group>"; };
		B059E48C293419BD001B3D2B /* Assets.xcassets */ = {isa = PBXFileReference; lastKnownFileType = folder.assetcatalog; path = Assets.xcassets; sourceTree = "<group>"; };
		B059E491293419BD001B3D2B /* Info.plist */ = {isa = PBXFileReference; lastKnownFileType = text.plist.xml; path = Info.plist; sourceTree = "<group>"; };
		B0972248296FDAE3003DB87A /* Combine+Extensions.swift */ = {isa = PBXFileReference; lastKnownFileType = sourcecode.swift; path = "Combine+Extensions.swift"; sourceTree = "<group>"; };
		B097224A296FDE33003DB87A /* Schedulers.swift */ = {isa = PBXFileReference; lastKnownFileType = sourcecode.swift; path = Schedulers.swift; sourceTree = "<group>"; };
		B0B7582C2956B39B00AA28F6 /* SplitViewComposer.swift */ = {isa = PBXFileReference; lastKnownFileType = sourcecode.swift; path = SplitViewComposer.swift; sourceTree = "<group>"; };
		B0CA46FA2A4527950089DB9D /* en */ = {isa = PBXFileReference; lastKnownFileType = file.storyboard; name = en; path = en.lproj/LaunchScreen.storyboard; sourceTree = "<group>"; };
		B0CA46FB2A4528970089DB9D /* pt-BR */ = {isa = PBXFileReference; lastKnownFileType = file.storyboard; name = "pt-BR"; path = "pt-BR.lproj/LaunchScreen.storyboard"; sourceTree = "<group>"; };
		B0CA46FD2A4529860089DB9D /* SearchViewModelTests.swift */ = {isa = PBXFileReference; lastKnownFileType = sourcecode.swift; path = SearchViewModelTests.swift; sourceTree = "<group>"; };
		B0CC7CEC2A451B740055BD1C /* SearchView.swift */ = {isa = PBXFileReference; fileEncoding = 4; lastKnownFileType = sourcecode.swift; path = SearchView.swift; sourceTree = "<group>"; };
		B0CC7CEE2A451B740055BD1C /* SearchResultsView.swift */ = {isa = PBXFileReference; fileEncoding = 4; lastKnownFileType = sourcecode.swift; path = SearchResultsView.swift; sourceTree = "<group>"; };
		B0CC7CFF2A451D4F0055BD1C /* ErrorStateView.swift */ = {isa = PBXFileReference; fileEncoding = 4; lastKnownFileType = sourcecode.swift; path = ErrorStateView.swift; sourceTree = "<group>"; };
		B0CC7D002A451D4F0055BD1C /* ContextMessageView.swift */ = {isa = PBXFileReference; fileEncoding = 4; lastKnownFileType = sourcecode.swift; path = ContextMessageView.swift; sourceTree = "<group>"; };
		B0CC7D012A451D4F0055BD1C /* EmptyStateView.swift */ = {isa = PBXFileReference; fileEncoding = 4; lastKnownFileType = sourcecode.swift; path = EmptyStateView.swift; sourceTree = "<group>"; };
		B0CC7D062A451E6D0055BD1C /* SystemSymbols.swift */ = {isa = PBXFileReference; lastKnownFileType = sourcecode.swift; path = SystemSymbols.swift; sourceTree = "<group>"; };
		B0CC7D0B2A451F050055BD1C /* en */ = {isa = PBXFileReference; lastKnownFileType = text.plist.strings; name = en; path = en.lproj/SearchLocalizable.strings; sourceTree = "<group>"; };
		B0CC7D0D2A451F200055BD1C /* pt-BR */ = {isa = PBXFileReference; lastKnownFileType = text.plist.strings; name = "pt-BR"; path = "pt-BR.lproj/SearchLocalizable.strings"; sourceTree = "<group>"; };
		B0CC7D0E2A451FB20055BD1C /* SearchString.swift */ = {isa = PBXFileReference; lastKnownFileType = sourcecode.swift; path = SearchString.swift; sourceTree = "<group>"; };
		B0CC7D162A4522D40055BD1C /* HymnbookTests.xctest */ = {isa = PBXFileReference; explicitFileType = wrapper.cfbundle; includeInIndex = 0; path = HymnbookTests.xctest; sourceTree = BUILT_PRODUCTS_DIR; };
		B0CC7D282A4526D40055BD1C /* LocalizationTestHelpers.swift */ = {isa = PBXFileReference; fileEncoding = 4; lastKnownFileType = sourcecode.swift; path = LocalizationTestHelpers.swift; sourceTree = "<group>"; };
		B0CC7D2B2A4526DF0055BD1C /* SearchLocalizationTests.swift */ = {isa = PBXFileReference; fileEncoding = 4; lastKnownFileType = sourcecode.swift; path = SearchLocalizationTests.swift; sourceTree = "<group>"; };
/* End PBXFileReference section */

/* Begin PBXFrameworksBuildPhase section */
		B059E47D293419BD001B3D2B /* Frameworks */ = {
			isa = PBXFrameworksBuildPhase;
			buildActionMask = 2147483647;
			files = (
			);
			runOnlyForDeploymentPostprocessing = 0;
		};
		B0CC7D132A4522D40055BD1C /* Frameworks */ = {
			isa = PBXFrameworksBuildPhase;
			buildActionMask = 2147483647;
			files = (
			);
			runOnlyForDeploymentPostprocessing = 0;
		};
/* End PBXFrameworksBuildPhase section */

/* Begin PBXGroup section */
		35A33B04294670EA00B7C07B /* ViewControllers */ = {
			isa = PBXGroup;
			children = (
				35A33B052946710000B7C07B /* MainFirstSplitViewController.swift */,
			);
			path = ViewControllers;
			sourceTree = "<group>";
		};
		B038DC9829383338008CD119 /* Composers */ = {
			isa = PBXGroup;
			children = (
				B0B7582C2956B39B00AA28F6 /* SplitViewComposer.swift */,
			);
			path = Composers;
			sourceTree = "<group>";
		};
		B059E477293419BC001B3D2B = {
			isa = PBXGroup;
			children = (
				B059E482293419BD001B3D2B /* Hymnbook */,
				B0CC7D172A4522D40055BD1C /* HymnbookTests */,
				B059E481293419BD001B3D2B /* Products */,
				B059E4BA29342286001B3D2B /* Frameworks */,
			);
			sourceTree = "<group>";
		};
		B059E481293419BD001B3D2B /* Products */ = {
			isa = PBXGroup;
			children = (
				B059E480293419BD001B3D2B /* Hymnbook.app */,
				B0CC7D162A4522D40055BD1C /* HymnbookTests.xctest */,
			);
			name = Products;
			sourceTree = "<group>";
		};
		B059E482293419BD001B3D2B /* Hymnbook */ = {
			isa = PBXGroup;
			children = (
				B0CC7CEA2A451B370055BD1C /* Features */,
				B0972247296FDAD4003DB87A /* Utils */,
				35A33B04294670EA00B7C07B /* ViewControllers */,
				B038DC9829383338008CD119 /* Composers */,
				B059E483293419BD001B3D2B /* AppDelegate.swift */,
				B059E485293419BD001B3D2B /* SceneDelegate.swift */,
				B059E48C293419BD001B3D2B /* Assets.xcassets */,
				B059E48E293419BD001B3D2B /* LaunchScreen.storyboard */,
				B059E491293419BD001B3D2B /* Info.plist */,
			);
			path = Hymnbook;
			sourceTree = "<group>";
		};
		B059E4BA29342286001B3D2B /* Frameworks */ = {
			isa = PBXGroup;
			children = (
			);
			name = Frameworks;
			sourceTree = "<group>";
		};
		B0972247296FDAD4003DB87A /* Utils */ = {
			isa = PBXGroup;
			children = (
				B0CC7D052A451E580055BD1C /* SwiftUI */,
				B0972248296FDAE3003DB87A /* Combine+Extensions.swift */,
				B097224A296FDE33003DB87A /* Schedulers.swift */,
			);
			path = Utils;
			sourceTree = "<group>";
		};
		B0CA46FC2A4529790089DB9D /* Sources */ = {
			isa = PBXGroup;
			children = (
				B0CA46FD2A4529860089DB9D /* SearchViewModelTests.swift */,
			);
			path = Sources;
			sourceTree = "<group>";
		};
		B0CC7CEA2A451B370055BD1C /* Features */ = {
			isa = PBXGroup;
			children = (
				B0CC7CFE2A451D4F0055BD1C /* Shared */,
				B0CC7CEB2A451B740055BD1C /* Search */,
			);
			path = Features;
			sourceTree = "<group>";
		};
		B0CC7CEB2A451B740055BD1C /* Search */ = {
			isa = PBXGroup;
			children = (
				B0CC7D112A4522150055BD1C /* Resources */,
				B0CC7D102A4522100055BD1C /* Sources */,
			);
			path = Search;
			sourceTree = "<group>";
		};
		B0CC7CFE2A451D4F0055BD1C /* Shared */ = {
			isa = PBXGroup;
			children = (
			);
			path = Shared;
			sourceTree = "<group>";
		};
		B0CC7D052A451E580055BD1C /* SwiftUI */ = {
			isa = PBXGroup;
			children = (
				B0CC7D062A451E6D0055BD1C /* SystemSymbols.swift */,
			);
			path = SwiftUI;
			sourceTree = "<group>";
		};
		B0CC7D102A4522100055BD1C /* Sources */ = {
			isa = PBXGroup;
			children = (
				B0CC7CFF2A451D4F0055BD1C /* ErrorStateView.swift */,
				B0CC7D002A451D4F0055BD1C /* ContextMessageView.swift */,
				B0CC7D012A451D4F0055BD1C /* EmptyStateView.swift */,
				B0CC7CEE2A451B740055BD1C /* SearchResultsView.swift */,
				B0CC7CEC2A451B740055BD1C /* SearchView.swift */,
			);
			path = Sources;
			sourceTree = "<group>";
		};
		B0CC7D112A4522150055BD1C /* Resources */ = {
			isa = PBXGroup;
			children = (
				B0CC7D0E2A451FB20055BD1C /* SearchString.swift */,
				B0CC7D0C2A451F050055BD1C /* SearchLocalizable.strings */,
			);
			path = Resources;
			sourceTree = "<group>";
		};
		B0CC7D172A4522D40055BD1C /* HymnbookTests */ = {
			isa = PBXGroup;
			children = (
				B0CC7D272A4526D40055BD1C /* Helpers */,
				B0CC7D1F2A4522DA0055BD1C /* Features */,
			);
			path = HymnbookTests;
			sourceTree = "<group>";
		};
		B0CC7D1F2A4522DA0055BD1C /* Features */ = {
			isa = PBXGroup;
			children = (
				B0CC7D202A4522E00055BD1C /* Search */,
			);
			path = Features;
			sourceTree = "<group>";
		};
		B0CC7D202A4522E00055BD1C /* Search */ = {
			isa = PBXGroup;
			children = (
				B0CA46FC2A4529790089DB9D /* Sources */,
				B0CC7D2A2A4526DF0055BD1C /* Resources */,
			);
			path = Search;
			sourceTree = "<group>";
		};
		B0CC7D272A4526D40055BD1C /* Helpers */ = {
			isa = PBXGroup;
			children = (
				B0CC7D282A4526D40055BD1C /* LocalizationTestHelpers.swift */,
			);
			path = Helpers;
			sourceTree = "<group>";
		};
		B0CC7D2A2A4526DF0055BD1C /* Resources */ = {
			isa = PBXGroup;
			children = (
				B0CC7D2B2A4526DF0055BD1C /* SearchLocalizationTests.swift */,
			);
			path = Resources;
			sourceTree = "<group>";
		};
/* End PBXGroup section */

/* Begin PBXNativeTarget section */
		B059E47F293419BD001B3D2B /* Hymnbook */ = {
			isa = PBXNativeTarget;
			buildConfigurationList = B059E494293419BD001B3D2B /* Build configuration list for PBXNativeTarget "Hymnbook" */;
			buildPhases = (
				B059E47C293419BD001B3D2B /* Sources */,
				B059E47D293419BD001B3D2B /* Frameworks */,
				B059E47E293419BD001B3D2B /* Resources */,
				B0B7582B295695CD00AA28F6 /* SwiftLint */,
			);
			buildRules = (
			);
			dependencies = (
			);
			name = Hymnbook;
			packageProductDependencies = (
			);
			productName = Hymnbook;
			productReference = B059E480293419BD001B3D2B /* Hymnbook.app */;
			productType = "com.apple.product-type.application";
		};
		B0CC7D152A4522D40055BD1C /* HymnbookTests */ = {
			isa = PBXNativeTarget;
			buildConfigurationList = B0CC7D1C2A4522D40055BD1C /* Build configuration list for PBXNativeTarget "HymnbookTests" */;
			buildPhases = (
				B0CC7D122A4522D40055BD1C /* Sources */,
				B0CC7D132A4522D40055BD1C /* Frameworks */,
				B0CC7D142A4522D40055BD1C /* Resources */,
			);
			buildRules = (
			);
			dependencies = (
				B0CC7D1B2A4522D40055BD1C /* PBXTargetDependency */,
			);
			name = HymnbookTests;
			productName = HymnbookTests;
			productReference = B0CC7D162A4522D40055BD1C /* HymnbookTests.xctest */;
			productType = "com.apple.product-type.bundle.unit-test";
		};
/* End PBXNativeTarget section */

/* Begin PBXProject section */
		B059E478293419BC001B3D2B /* Project object */ = {
			isa = PBXProject;
			attributes = {
				BuildIndependentTargetsInParallel = 1;
				LastSwiftUpdateCheck = 1420;
				LastUpgradeCheck = 1410;
				TargetAttributes = {
					B059E47F293419BD001B3D2B = {
						CreatedOnToolsVersion = 14.1;
					};
					B0CC7D152A4522D40055BD1C = {
						CreatedOnToolsVersion = 14.2;
						TestTargetID = B059E47F293419BD001B3D2B;
					};
				};
			};
			buildConfigurationList = B059E47B293419BC001B3D2B /* Build configuration list for PBXProject "Hymnbook" */;
			compatibilityVersion = "Xcode 14.0";
			developmentRegion = en;
			hasScannedForEncodings = 0;
			knownRegions = (
				en,
				"pt-BR",
			);
			mainGroup = B059E477293419BC001B3D2B;
			productRefGroup = B059E481293419BD001B3D2B /* Products */;
			projectDirPath = "";
			projectRoot = "";
			targets = (
				B059E47F293419BD001B3D2B /* Hymnbook */,
				B0CC7D152A4522D40055BD1C /* HymnbookTests */,
			);
		};
/* End PBXProject section */

/* Begin PBXResourcesBuildPhase section */
		B059E47E293419BD001B3D2B /* Resources */ = {
			isa = PBXResourcesBuildPhase;
			buildActionMask = 2147483647;
			files = (
				B059E490293419BD001B3D2B /* LaunchScreen.storyboard in Resources */,
				B059E48D293419BD001B3D2B /* Assets.xcassets in Resources */,
				B0CC7D0A2A451F050055BD1C /* SearchLocalizable.strings in Resources */,
			);
			runOnlyForDeploymentPostprocessing = 0;
		};
		B0CC7D142A4522D40055BD1C /* Resources */ = {
			isa = PBXResourcesBuildPhase;
			buildActionMask = 2147483647;
			files = (
			);
			runOnlyForDeploymentPostprocessing = 0;
		};
/* End PBXResourcesBuildPhase section */

/* Begin PBXShellScriptBuildPhase section */
		B0B7582B295695CD00AA28F6 /* SwiftLint */ = {
			isa = PBXShellScriptBuildPhase;
			alwaysOutOfDate = 1;
			buildActionMask = 2147483647;
			files = (
			);
			inputFileListPaths = (
			);
			inputPaths = (
			);
			name = SwiftLint;
			outputFileListPaths = (
			);
			outputPaths = (
			);
			runOnlyForDeploymentPostprocessing = 0;
			shellPath = /bin/sh;
			shellScript = "export PATH=\"$PATH:/opt/homebrew/bin\"\nif which swiftlint > /dev/null; then\n    swiftlint --fix && swiftlint\nelse\n    echo \"warning: SwiftLint not installed, download from https://github.com/realm/SwiftLint\"\nfi\n";
		};
/* End PBXShellScriptBuildPhase section */

/* Begin PBXSourcesBuildPhase section */
		B059E47C293419BD001B3D2B /* Sources */ = {
			isa = PBXSourcesBuildPhase;
			buildActionMask = 2147483647;
			files = (
				B0972249296FDAE3003DB87A /* Combine+Extensions.swift in Sources */,
				35A33B062946710000B7C07B /* MainFirstSplitViewController.swift in Sources */,
				B0CC7D0F2A451FB20055BD1C /* SearchString.swift in Sources */,
				B0CC7D032A451D4F0055BD1C /* ContextMessageView.swift in Sources */,
				B0CC7CF12A451B740055BD1C /* SearchResultsView.swift in Sources */,
				B097224B296FDE33003DB87A /* Schedulers.swift in Sources */,
				B059E484293419BD001B3D2B /* AppDelegate.swift in Sources */,
				B0CC7D042A451D4F0055BD1C /* EmptyStateView.swift in Sources */,
				B059E486293419BD001B3D2B /* SceneDelegate.swift in Sources */,
				B0CC7D072A451E6D0055BD1C /* SystemSymbols.swift in Sources */,
				B0B7582D2956B39B00AA28F6 /* SplitViewComposer.swift in Sources */,
				B0CC7CEF2A451B740055BD1C /* SearchView.swift in Sources */,
				B0CC7D022A451D4F0055BD1C /* ErrorStateView.swift in Sources */,
			);
			runOnlyForDeploymentPostprocessing = 0;
		};
		B0CC7D122A4522D40055BD1C /* Sources */ = {
			isa = PBXSourcesBuildPhase;
			buildActionMask = 2147483647;
			files = (
				B0CC7D2C2A4526DF0055BD1C /* SearchLocalizationTests.swift in Sources */,
				B0CC7D292A4526D40055BD1C /* LocalizationTestHelpers.swift in Sources */,
				B0CA46FE2A4529860089DB9D /* SearchViewModelTests.swift in Sources */,
			);
			runOnlyForDeploymentPostprocessing = 0;
		};
/* End PBXSourcesBuildPhase section */

/* Begin PBXTargetDependency section */
		B0CC7D1B2A4522D40055BD1C /* PBXTargetDependency */ = {
			isa = PBXTargetDependency;
			target = B059E47F293419BD001B3D2B /* Hymnbook */;
			targetProxy = B0CC7D1A2A4522D40055BD1C /* PBXContainerItemProxy */;
		};
/* End PBXTargetDependency section */

/* Begin PBXVariantGroup section */
		B059E48E293419BD001B3D2B /* LaunchScreen.storyboard */ = {
			isa = PBXVariantGroup;
			children = (
				B0CA46FA2A4527950089DB9D /* en */,
				B0CA46FB2A4528970089DB9D /* pt-BR */,
			);
			name = LaunchScreen.storyboard;
			sourceTree = "<group>";
		};
		B0CC7D0C2A451F050055BD1C /* SearchLocalizable.strings */ = {
			isa = PBXVariantGroup;
			children = (
				B0CC7D0B2A451F050055BD1C /* en */,
				B0CC7D0D2A451F200055BD1C /* pt-BR */,
			);
			name = SearchLocalizable.strings;
			sourceTree = "<group>";
		};
/* End PBXVariantGroup section */

/* Begin XCBuildConfiguration section */
		B059E492293419BD001B3D2B /* Debug */ = {
			isa = XCBuildConfiguration;
			buildSettings = {
				ALWAYS_SEARCH_USER_PATHS = NO;
				CLANG_ANALYZER_LOCALIZABILITY_NONLOCALIZED = YES;
				CLANG_ANALYZER_NONNULL = YES;
				CLANG_ANALYZER_NUMBER_OBJECT_CONVERSION = YES_AGGRESSIVE;
				CLANG_CXX_LANGUAGE_STANDARD = "gnu++20";
				CLANG_ENABLE_MODULES = YES;
				CLANG_ENABLE_OBJC_ARC = YES;
				CLANG_ENABLE_OBJC_WEAK = YES;
				CLANG_WARN_BLOCK_CAPTURE_AUTORELEASING = YES;
				CLANG_WARN_BOOL_CONVERSION = YES;
				CLANG_WARN_COMMA = YES;
				CLANG_WARN_CONSTANT_CONVERSION = YES;
				CLANG_WARN_DEPRECATED_OBJC_IMPLEMENTATIONS = YES;
				CLANG_WARN_DIRECT_OBJC_ISA_USAGE = YES_ERROR;
				CLANG_WARN_DOCUMENTATION_COMMENTS = YES;
				CLANG_WARN_EMPTY_BODY = YES;
				CLANG_WARN_ENUM_CONVERSION = YES;
				CLANG_WARN_INFINITE_RECURSION = YES;
				CLANG_WARN_INT_CONVERSION = YES;
				CLANG_WARN_NON_LITERAL_NULL_CONVERSION = YES;
				CLANG_WARN_OBJC_IMPLICIT_RETAIN_SELF = YES;
				CLANG_WARN_OBJC_LITERAL_CONVERSION = YES;
				CLANG_WARN_OBJC_ROOT_CLASS = YES_ERROR;
				CLANG_WARN_QUOTED_INCLUDE_IN_FRAMEWORK_HEADER = YES;
				CLANG_WARN_RANGE_LOOP_ANALYSIS = YES;
				CLANG_WARN_STRICT_PROTOTYPES = YES;
				CLANG_WARN_SUSPICIOUS_MOVE = YES;
				CLANG_WARN_UNGUARDED_AVAILABILITY = YES_AGGRESSIVE;
				CLANG_WARN_UNREACHABLE_CODE = YES;
				CLANG_WARN__DUPLICATE_METHOD_MATCH = YES;
				COPY_PHASE_STRIP = NO;
				DEBUG_INFORMATION_FORMAT = dwarf;
				ENABLE_STRICT_OBJC_MSGSEND = YES;
				ENABLE_TESTABILITY = YES;
				GCC_C_LANGUAGE_STANDARD = gnu11;
				GCC_DYNAMIC_NO_PIC = NO;
				GCC_NO_COMMON_BLOCKS = YES;
				GCC_OPTIMIZATION_LEVEL = 0;
				GCC_PREPROCESSOR_DEFINITIONS = (
					"DEBUG=1",
					"$(inherited)",
				);
				GCC_WARN_64_TO_32_BIT_CONVERSION = YES;
				GCC_WARN_ABOUT_RETURN_TYPE = YES_ERROR;
				GCC_WARN_UNDECLARED_SELECTOR = YES;
				GCC_WARN_UNINITIALIZED_AUTOS = YES_AGGRESSIVE;
				GCC_WARN_UNUSED_FUNCTION = YES;
				GCC_WARN_UNUSED_VARIABLE = YES;
				IPHONEOS_DEPLOYMENT_TARGET = 16.0;
				MTL_ENABLE_DEBUG_INFO = INCLUDE_SOURCE;
				MTL_FAST_MATH = YES;
				ONLY_ACTIVE_ARCH = YES;
				SDKROOT = iphoneos;
				SWIFT_ACTIVE_COMPILATION_CONDITIONS = DEBUG;
				SWIFT_OPTIMIZATION_LEVEL = "-Onone";
			};
			name = Debug;
		};
		B059E493293419BD001B3D2B /* Release */ = {
			isa = XCBuildConfiguration;
			buildSettings = {
				ALWAYS_SEARCH_USER_PATHS = NO;
				CLANG_ANALYZER_LOCALIZABILITY_NONLOCALIZED = YES;
				CLANG_ANALYZER_NONNULL = YES;
				CLANG_ANALYZER_NUMBER_OBJECT_CONVERSION = YES_AGGRESSIVE;
				CLANG_CXX_LANGUAGE_STANDARD = "gnu++20";
				CLANG_ENABLE_MODULES = YES;
				CLANG_ENABLE_OBJC_ARC = YES;
				CLANG_ENABLE_OBJC_WEAK = YES;
				CLANG_WARN_BLOCK_CAPTURE_AUTORELEASING = YES;
				CLANG_WARN_BOOL_CONVERSION = YES;
				CLANG_WARN_COMMA = YES;
				CLANG_WARN_CONSTANT_CONVERSION = YES;
				CLANG_WARN_DEPRECATED_OBJC_IMPLEMENTATIONS = YES;
				CLANG_WARN_DIRECT_OBJC_ISA_USAGE = YES_ERROR;
				CLANG_WARN_DOCUMENTATION_COMMENTS = YES;
				CLANG_WARN_EMPTY_BODY = YES;
				CLANG_WARN_ENUM_CONVERSION = YES;
				CLANG_WARN_INFINITE_RECURSION = YES;
				CLANG_WARN_INT_CONVERSION = YES;
				CLANG_WARN_NON_LITERAL_NULL_CONVERSION = YES;
				CLANG_WARN_OBJC_IMPLICIT_RETAIN_SELF = YES;
				CLANG_WARN_OBJC_LITERAL_CONVERSION = YES;
				CLANG_WARN_OBJC_ROOT_CLASS = YES_ERROR;
				CLANG_WARN_QUOTED_INCLUDE_IN_FRAMEWORK_HEADER = YES;
				CLANG_WARN_RANGE_LOOP_ANALYSIS = YES;
				CLANG_WARN_STRICT_PROTOTYPES = YES;
				CLANG_WARN_SUSPICIOUS_MOVE = YES;
				CLANG_WARN_UNGUARDED_AVAILABILITY = YES_AGGRESSIVE;
				CLANG_WARN_UNREACHABLE_CODE = YES;
				CLANG_WARN__DUPLICATE_METHOD_MATCH = YES;
				COPY_PHASE_STRIP = NO;
				DEBUG_INFORMATION_FORMAT = "dwarf-with-dsym";
				ENABLE_NS_ASSERTIONS = NO;
				ENABLE_STRICT_OBJC_MSGSEND = YES;
				GCC_C_LANGUAGE_STANDARD = gnu11;
				GCC_NO_COMMON_BLOCKS = YES;
				GCC_WARN_64_TO_32_BIT_CONVERSION = YES;
				GCC_WARN_ABOUT_RETURN_TYPE = YES_ERROR;
				GCC_WARN_UNDECLARED_SELECTOR = YES;
				GCC_WARN_UNINITIALIZED_AUTOS = YES_AGGRESSIVE;
				GCC_WARN_UNUSED_FUNCTION = YES;
				GCC_WARN_UNUSED_VARIABLE = YES;
				IPHONEOS_DEPLOYMENT_TARGET = 16.0;
				MTL_ENABLE_DEBUG_INFO = NO;
				MTL_FAST_MATH = YES;
				SDKROOT = iphoneos;
				SWIFT_COMPILATION_MODE = wholemodule;
				SWIFT_OPTIMIZATION_LEVEL = "-O";
				VALIDATE_PRODUCT = YES;
			};
			name = Release;
		};
		B059E495293419BD001B3D2B /* Debug */ = {
			isa = XCBuildConfiguration;
			buildSettings = {
				ASSETCATALOG_COMPILER_APPICON_NAME = AppIcon;
				ASSETCATALOG_COMPILER_GLOBAL_ACCENT_COLOR_NAME = AccentColor;
				CODE_SIGN_STYLE = Automatic;
				CURRENT_PROJECT_VERSION = 2;
				DEVELOPMENT_TEAM = UKLTGBK58B;
				GENERATE_INFOPLIST_FILE = YES;
				INFOPLIST_FILE = Hymnbook/Info.plist;
				INFOPLIST_KEY_CFBundleDisplayName = Hymnbook;
				INFOPLIST_KEY_LSApplicationCategoryType = "public.app-category.music";
				INFOPLIST_KEY_UIApplicationSupportsIndirectInputEvents = YES;
				INFOPLIST_KEY_UILaunchStoryboardName = LaunchScreen.storyboard;
				INFOPLIST_KEY_UISupportedInterfaceOrientations_iPad = "UIInterfaceOrientationPortrait UIInterfaceOrientationPortraitUpsideDown UIInterfaceOrientationLandscapeLeft UIInterfaceOrientationLandscapeRight";
				INFOPLIST_KEY_UISupportedInterfaceOrientations_iPhone = "UIInterfaceOrientationPortrait UIInterfaceOrientationLandscapeLeft UIInterfaceOrientationLandscapeRight";
				IPHONEOS_DEPLOYMENT_TARGET = 16.0;
				LD_RUNPATH_SEARCH_PATHS = (
					"$(inherited)",
					"@executable_path/Frameworks",
				);
				MARKETING_VERSION = 1.0;
				PRODUCT_BUNDLE_IDENTIFIER = com.policiano.Hymnbook;
				PRODUCT_NAME = "$(TARGET_NAME)";
				SWIFT_EMIT_LOC_STRINGS = YES;
				SWIFT_VERSION = 5.0;
				TARGETED_DEVICE_FAMILY = "1,2";
			};
			name = Debug;
		};
		B059E496293419BD001B3D2B /* Release */ = {
			isa = XCBuildConfiguration;
			buildSettings = {
				ASSETCATALOG_COMPILER_APPICON_NAME = AppIcon;
				ASSETCATALOG_COMPILER_GLOBAL_ACCENT_COLOR_NAME = AccentColor;
				CODE_SIGN_STYLE = Automatic;
				CURRENT_PROJECT_VERSION = 2;
				DEVELOPMENT_TEAM = UKLTGBK58B;
				GENERATE_INFOPLIST_FILE = YES;
				INFOPLIST_FILE = Hymnbook/Info.plist;
				INFOPLIST_KEY_CFBundleDisplayName = Hymnbook;
				INFOPLIST_KEY_LSApplicationCategoryType = "public.app-category.music";
				INFOPLIST_KEY_UIApplicationSupportsIndirectInputEvents = YES;
				INFOPLIST_KEY_UILaunchStoryboardName = LaunchScreen.storyboard;
				INFOPLIST_KEY_UISupportedInterfaceOrientations_iPad = "UIInterfaceOrientationPortrait UIInterfaceOrientationPortraitUpsideDown UIInterfaceOrientationLandscapeLeft UIInterfaceOrientationLandscapeRight";
				INFOPLIST_KEY_UISupportedInterfaceOrientations_iPhone = "UIInterfaceOrientationPortrait UIInterfaceOrientationLandscapeLeft UIInterfaceOrientationLandscapeRight";
				IPHONEOS_DEPLOYMENT_TARGET = 16.0;
				LD_RUNPATH_SEARCH_PATHS = (
					"$(inherited)",
					"@executable_path/Frameworks",
				);
				MARKETING_VERSION = 1.0;
				PRODUCT_BUNDLE_IDENTIFIER = com.policiano.Hymnbook;
				PRODUCT_NAME = "$(TARGET_NAME)";
				SWIFT_EMIT_LOC_STRINGS = YES;
				SWIFT_VERSION = 5.0;
				TARGETED_DEVICE_FAMILY = "1,2";
			};
			name = Release;
		};
		B0CC7D1D2A4522D40055BD1C /* Debug */ = {
			isa = XCBuildConfiguration;
			buildSettings = {
				BUNDLE_LOADER = "$(TEST_HOST)";
				CODE_SIGN_STYLE = Automatic;
				CURRENT_PROJECT_VERSION = 1;
				GENERATE_INFOPLIST_FILE = YES;
				IPHONEOS_DEPLOYMENT_TARGET = 16.2;
				MARKETING_VERSION = 1.0;
				PRODUCT_BUNDLE_IDENTIFIER = com.policiano.HymnbookTests;
				PRODUCT_NAME = "$(TARGET_NAME)";
				SWIFT_EMIT_LOC_STRINGS = NO;
				SWIFT_VERSION = 5.0;
				TARGETED_DEVICE_FAMILY = "1,2";
				TEST_HOST = "$(BUILT_PRODUCTS_DIR)/Hymnbook.app/$(BUNDLE_EXECUTABLE_FOLDER_PATH)/Hymnbook";
			};
			name = Debug;
		};
		B0CC7D1E2A4522D40055BD1C /* Release */ = {
			isa = XCBuildConfiguration;
			buildSettings = {
				BUNDLE_LOADER = "$(TEST_HOST)";
				CODE_SIGN_STYLE = Automatic;
				CURRENT_PROJECT_VERSION = 1;
				GENERATE_INFOPLIST_FILE = YES;
				IPHONEOS_DEPLOYMENT_TARGET = 16.2;
				MARKETING_VERSION = 1.0;
				PRODUCT_BUNDLE_IDENTIFIER = com.policiano.HymnbookTests;
				PRODUCT_NAME = "$(TARGET_NAME)";
				SWIFT_EMIT_LOC_STRINGS = NO;
				SWIFT_VERSION = 5.0;
				TARGETED_DEVICE_FAMILY = "1,2";
				TEST_HOST = "$(BUILT_PRODUCTS_DIR)/Hymnbook.app/$(BUNDLE_EXECUTABLE_FOLDER_PATH)/Hymnbook";
			};
			name = Release;
		};
/* End XCBuildConfiguration section */

/* Begin XCConfigurationList section */
		B059E47B293419BC001B3D2B /* Build configuration list for PBXProject "Hymnbook" */ = {
			isa = XCConfigurationList;
			buildConfigurations = (
				B059E492293419BD001B3D2B /* Debug */,
				B059E493293419BD001B3D2B /* Release */,
			);
			defaultConfigurationIsVisible = 0;
			defaultConfigurationName = Release;
		};
		B059E494293419BD001B3D2B /* Build configuration list for PBXNativeTarget "Hymnbook" */ = {
			isa = XCConfigurationList;
			buildConfigurations = (
				B059E495293419BD001B3D2B /* Debug */,
				B059E496293419BD001B3D2B /* Release */,
			);
			defaultConfigurationIsVisible = 0;
			defaultConfigurationName = Release;
		};
		B0CC7D1C2A4522D40055BD1C /* Build configuration list for PBXNativeTarget "HymnbookTests" */ = {
			isa = XCConfigurationList;
			buildConfigurations = (
				B0CC7D1D2A4522D40055BD1C /* Debug */,
				B0CC7D1E2A4522D40055BD1C /* Release */,
			);
			defaultConfigurationIsVisible = 0;
			defaultConfigurationName = Release;
		};
/* End XCConfigurationList section */
	};
	rootObject = B059E478293419BC001B3D2B /* Project object */;
}
